{
    "_readme": [
        "This file locks the dependencies of your project to a known state",
        "Read more about it at https://getcomposer.org/doc/01-basic-usage.md#installing-dependencies",
        "This file is @generated automatically"
    ],
    "content-hash": "497e61248cc81563ce52a89e4455d719",
    "packages": [
        {
            "name": "claviska/simpleimage",
            "version": "dev-master",
            "source": {
                "type": "git",
                "url": "https://github.com/claviska/SimpleImage.git",
                "reference": "82dbef988e356baa5d73993a1351bcb6c0959269"
            },
            "dist": {
                "type": "zip",
                "url": "https://api.github.com/repos/claviska/SimpleImage/zipball/82dbef988e356baa5d73993a1351bcb6c0959269",
                "reference": "82dbef988e356baa5d73993a1351bcb6c0959269",
                "shasum": ""
            },
            "require": {
                "ext-gd": "*",
                "league/color-extractor": "0.3.*",
                "php": ">=5.6.0"
            },
            "default-branch": true,
            "type": "library",
            "autoload": {
                "psr-0": {
                    "claviska": "src/"
                }
            },
            "notification-url": "https://packagist.org/downloads/",
            "license": [
                "MIT"
            ],
            "authors": [
                {
                    "name": "Cory LaViska",
                    "homepage": "http://www.abeautifulsite.net/",
                    "role": "Developer"
                }
            ],
            "description": "A PHP class that makes working with images as simple as possible.",
            "support": {
                "issues": "https://github.com/claviska/SimpleImage/issues",
                "source": "https://github.com/claviska/SimpleImage/tree/3.7.2"
            },
            "funding": [
                {
                    "url": "https://github.com/claviska",
                    "type": "github"
                }
            ],
            "time": "2022-12-12T14:31:53+00:00"
        },
        {
            "name": "js-phpize/js-phpize",
            "version": "2.9.0",
            "source": {
                "type": "git",
                "url": "https://github.com/pug-php/js-phpize.git",
                "reference": "cbf05dcde1c2c812c52ff9297fe8c36d6556b06e"
            },
            "dist": {
                "type": "zip",
                "url": "https://api.github.com/repos/pug-php/js-phpize/zipball/cbf05dcde1c2c812c52ff9297fe8c36d6556b06e",
                "reference": "cbf05dcde1c2c812c52ff9297fe8c36d6556b06e",
                "shasum": ""
            },
            "require": {
                "ext-mbstring": "*",
                "php": ">=7.0"
            },
            "require-dev": {
                "phpunit/phpunit": "^6.5.14 || ^7.5.20 || ^8.5.31 || ^9.5.27"
            },
            "type": "library",
            "autoload": {
                "psr-0": {
                    "JsPhpize": "src/"
                }
            },
            "notification-url": "https://packagist.org/downloads/",
            "license": [
                "MIT"
            ],
            "authors": [
                {
                    "name": "Kyle Katarn",
                    "email": "kylekatarnls@gmail.com"
                }
            ],
            "description": "Convert js-like syntax to standalone PHP code.",
            "support": {
                "issues": "https://github.com/pug-php/js-phpize/issues",
                "source": "https://github.com/pug-php/js-phpize/tree/2.9.0"
            },
            "funding": [
                {
                    "url": "https://github.com/kylekatarnls",
                    "type": "github"
                },
                {
                    "url": "https://opencollective.com/pug-php",
                    "type": "open_collective"
                },
                {
                    "url": "https://tidelift.com/funding/github/packagist/pug-php/pug",
                    "type": "tidelift"
                }
            ],
            "time": "2022-12-30T08:51:01+00:00"
        },
        {
            "name": "js-phpize/js-phpize-phug",
            "version": "2.2.1",
            "source": {
                "type": "git",
                "url": "https://github.com/pug-php/js-phpize-phug.git",
                "reference": "fcc59b3511d61a403d905624bb959dc1773138b9"
            },
            "dist": {
                "type": "zip",
                "url": "https://api.github.com/repos/pug-php/js-phpize-phug/zipball/fcc59b3511d61a403d905624bb959dc1773138b9",
                "reference": "fcc59b3511d61a403d905624bb959dc1773138b9",
                "shasum": ""
            },
            "require": {
                "js-phpize/js-phpize": "^2.8.3",
                "php": ">=7.0",
                "phug/compiler": "^1.7.2",
                "phug/formatter": "^1.7.2"
            },
            "require-dev": {
                "codeclimate/php-test-reporter": "dev-master",
                "phpunit/phpunit": ">=4.8.35 <6.0"
            },
            "type": "library",
            "autoload": {
                "psr-0": {
                    "JsPhpize": "src/"
                }
            },
            "notification-url": "https://packagist.org/downloads/",
            "license": [
                "MIT"
            ],
            "authors": [
                {
                    "name": "Kyle Katarn",
                    "email": "kylekatarnls@gmail.com"
                }
            ],
            "description": "Convert js-like syntax to standalone PHP code in Phug template.",
            "support": {
                "issues": "https://github.com/pug-php/js-phpize-phug/issues",
                "source": "https://github.com/pug-php/js-phpize-phug/tree/master"
            },
            "funding": [
                {
                    "url": "https://github.com/kylekatarnls",
                    "type": "github"
                },
                {
                    "url": "https://opencollective.com/pug-php",
                    "type": "open_collective"
                },
                {
                    "url": "https://tidelift.com/funding/github/packagist/pug-php/pug",
                    "type": "tidelift"
                }
            ],
            "time": "2020-04-25T21:04:26+00:00"
        },
        {
            "name": "js-transformer/js-transformer",
            "version": "1.0.0",
            "source": {
                "type": "git",
                "url": "https://github.com/kylekatarnls/js-transformer-php-wrap.git",
                "reference": "81730d3ae67824d664615ebb7f721cfa7d77179f"
            },
            "dist": {
                "type": "zip",
                "url": "https://api.github.com/repos/kylekatarnls/js-transformer-php-wrap/zipball/81730d3ae67824d664615ebb7f721cfa7d77179f",
                "reference": "81730d3ae67824d664615ebb7f721cfa7d77179f",
                "shasum": ""
            },
            "require": {
                "nodejs-php-fallback/nodejs-php-fallback": "^1.2"
            },
            "require-dev": {
                "codeclimate/php-test-reporter": ">=0.3",
                "phpunit/phpunit": ">=4.8 <6.0"
            },
            "type": "library",
            "extra": {
                "npm": {
                    "jstransformer": "^1.0.0"
                }
            },
            "autoload": {
                "psr-4": {
                    "": "./src"
                }
            },
            "notification-url": "https://packagist.org/downloads/",
            "license": [
                "MIT"
            ],
            "homepage": "https://github.com/kylekatarnls/js-transformer-php-wrap",
            "keywords": [
                "js-transformer"
            ],
            "support": {
                "issues": "https://github.com/kylekatarnls/js-transformer-php-wrap/issues",
                "source": "https://github.com/kylekatarnls/js-transformer-php-wrap/tree/master"
            },
            "time": "2017-10-27T21:27:00+00:00"
        },
        {
            "name": "league/color-extractor",
            "version": "0.3.2",
            "source": {
                "type": "git",
                "url": "https://github.com/thephpleague/color-extractor.git",
                "reference": "837086ec60f50c84c611c613963e4ad2e2aec806"
            },
            "dist": {
                "type": "zip",
                "url": "https://api.github.com/repos/thephpleague/color-extractor/zipball/837086ec60f50c84c611c613963e4ad2e2aec806",
                "reference": "837086ec60f50c84c611c613963e4ad2e2aec806",
                "shasum": ""
            },
            "require": {
                "ext-gd": "*",
                "php": ">=5.4.0"
            },
            "replace": {
                "matthecat/colorextractor": "*"
            },
            "require-dev": {
                "friendsofphp/php-cs-fixer": "~2",
                "phpunit/phpunit": "~5"
            },
            "type": "library",
            "autoload": {
                "psr-4": {
                    "": "src"
                }
            },
            "notification-url": "https://packagist.org/downloads/",
            "license": [
                "MIT"
            ],
            "authors": [
                {
                    "name": "Mathieu Lechat",
                    "email": "math.lechat@gmail.com",
                    "homepage": "http://matthecat.com",
                    "role": "Developer"
                }
            ],
            "description": "Extract colors from an image as a human would do.",
            "homepage": "https://github.com/thephpleague/color-extractor",
            "keywords": [
                "color",
                "extract",
                "human",
                "image",
                "palette"
            ],
            "support": {
                "issues": "https://github.com/thephpleague/color-extractor/issues",
                "source": "https://github.com/thephpleague/color-extractor/tree/master"
            },
            "time": "2016-12-15T09:30:02+00:00"
        },
        {
            "name": "nodejs-php-fallback/nodejs-php-fallback",
            "version": "1.6.0",
            "source": {
                "type": "git",
                "url": "https://github.com/kylekatarnls/nodejs-php-fallback.git",
                "reference": "0dbdbc0cccf3c6c4a86189b21ce898252e287072"
            },
            "dist": {
                "type": "zip",
                "url": "https://api.github.com/repos/kylekatarnls/nodejs-php-fallback/zipball/0dbdbc0cccf3c6c4a86189b21ce898252e287072",
                "reference": "0dbdbc0cccf3c6c4a86189b21ce898252e287072",
                "shasum": ""
            },
            "require": {
                "composer-plugin-api": "^1.0 || ^2.0",
                "php": ">=7.3"
            },
            "require-dev": {
                "composer/composer": "^2.0",
                "phpmd/phpmd": "^2.9",
                "phpunit/phpunit": "^8.5"
            },
            "type": "composer-plugin",
            "extra": {
                "branch-alias": {
                    "dev-master": "2.x-dev"
                },
                "class": "NodejsPhpFallback\\ComposerPlugin"
            },
            "autoload": {
                "psr-4": {
                    "NodejsPhpFallback\\": "src/NodejsPhpFallback/"
                }
            },
            "notification-url": "https://packagist.org/downloads/",
            "license": [
                "MIT"
            ],
            "authors": [
                {
                    "name": "Kyle",
                    "email": "kylekatarnls@gmail.com"
                }
            ],
            "description": "Allow you to call node.js module or scripts throught PHP and call a fallback function if node.js is not available",
            "support": {
                "issues": "https://github.com/kylekatarnls/nodejs-php-fallback/issues",
                "source": "https://github.com/kylekatarnls/nodejs-php-fallback/tree/1.6.0"
            },
            "funding": [
                {
                    "url": "https://github.com/kylekatarnls",
                    "type": "github"
                },
                {
                    "url": "https://opencollective.com/Carbon",
                    "type": "open_collective"
                },
                {
                    "url": "https://tidelift.com/funding/github/packagist/nesbot/carbon",
                    "type": "tidelift"
                }
            ],
            "time": "2020-10-30T09:26:47+00:00"
        },
        {
            "name": "phpmailer/phpmailer",
            "version": "v6.7.1",
            "source": {
                "type": "git",
                "url": "https://github.com/PHPMailer/PHPMailer.git",
                "reference": "49cd7ea3d2563f028d7811f06864a53b1f15ff55"
            },
            "dist": {
                "type": "zip",
                "url": "https://api.github.com/repos/PHPMailer/PHPMailer/zipball/49cd7ea3d2563f028d7811f06864a53b1f15ff55",
                "reference": "49cd7ea3d2563f028d7811f06864a53b1f15ff55",
                "shasum": ""
            },
            "require": {
                "ext-ctype": "*",
                "ext-filter": "*",
                "ext-hash": "*",
                "php": ">=5.5.0"
            },
            "require-dev": {
                "dealerdirect/phpcodesniffer-composer-installer": "^0.7.2",
                "doctrine/annotations": "^1.2.6 || ^1.13.3",
                "php-parallel-lint/php-console-highlighter": "^1.0.0",
                "php-parallel-lint/php-parallel-lint": "^1.3.2",
                "phpcompatibility/php-compatibility": "^9.3.5",
                "roave/security-advisories": "dev-latest",
                "squizlabs/php_codesniffer": "^3.7.1",
                "yoast/phpunit-polyfills": "^1.0.4"
            },
            "suggest": {
                "ext-mbstring": "Needed to send email in multibyte encoding charset or decode encoded addresses",
                "ext-openssl": "Needed for secure SMTP sending and DKIM signing",
                "greew/oauth2-azure-provider": "Needed for Microsoft Azure XOAUTH2 authentication",
                "hayageek/oauth2-yahoo": "Needed for Yahoo XOAUTH2 authentication",
                "league/oauth2-google": "Needed for Google XOAUTH2 authentication",
                "psr/log": "For optional PSR-3 debug logging",
                "symfony/polyfill-mbstring": "To support UTF-8 if the Mbstring PHP extension is not enabled (^1.2)",
                "thenetworg/oauth2-azure": "Needed for Microsoft XOAUTH2 authentication"
            },
            "type": "library",
            "autoload": {
                "psr-4": {
                    "PHPMailer\\PHPMailer\\": "src/"
                }
            },
            "notification-url": "https://packagist.org/downloads/",
            "license": [
                "LGPL-2.1-only"
            ],
            "authors": [
                {
                    "name": "Marcus Bointon",
                    "email": "phpmailer@synchromedia.co.uk"
                },
                {
                    "name": "Jim Jagielski",
                    "email": "jimjag@gmail.com"
                },
                {
                    "name": "Andy Prevost",
                    "email": "codeworxtech@users.sourceforge.net"
                },
                {
                    "name": "Brent R. Matzelle"
                }
            ],
            "description": "PHPMailer is a full-featured email creation and transfer class for PHP",
            "support": {
                "issues": "https://github.com/PHPMailer/PHPMailer/issues",
                "source": "https://github.com/PHPMailer/PHPMailer/tree/v6.7.1"
            },
            "funding": [
                {
                    "url": "https://github.com/Synchro",
                    "type": "github"
                }
            ],
            "time": "2022-12-08T13:30:06+00:00"
        },
        {
            "name": "phpoption/phpoption",
            "version": "dev-master",
            "source": {
                "type": "git",
                "url": "https://github.com/schmittjoh/php-option.git",
                "reference": "00430c0532ae544fb1c81e45705b3d356bfc25d0"
            },
            "dist": {
                "type": "zip",
                "url": "https://api.github.com/repos/schmittjoh/php-option/zipball/00430c0532ae544fb1c81e45705b3d356bfc25d0",
                "reference": "00430c0532ae544fb1c81e45705b3d356bfc25d0",
                "shasum": ""
            },
            "require": {
                "php": "^7.2.5 || ^8.0"
            },
            "require-dev": {
                "bamarni/composer-bin-plugin": "^1.8.1",
                "phpunit/phpunit": "^8.5.30 || ^9.5.25"
            },
            "default-branch": true,
            "type": "library",
            "extra": {
                "bamarni-bin": {
                    "bin-links": true,
                    "forward-command": true
                },
                "branch-alias": {
                    "dev-master": "1.9-dev"
                }
            },
            "autoload": {
                "psr-4": {
                    "PhpOption\\": "src/PhpOption/"
                }
            },
            "notification-url": "https://packagist.org/downloads/",
            "license": [
                "Apache-2.0"
            ],
            "authors": [
                {
                    "name": "Johannes M. Schmitt",
                    "email": "schmittjoh@gmail.com",
                    "homepage": "https://github.com/schmittjoh"
                },
                {
                    "name": "Graham Campbell",
                    "email": "hello@gjcampbell.co.uk",
                    "homepage": "https://github.com/GrahamCampbell"
                }
            ],
            "description": "Option Type for PHP",
            "keywords": [
                "language",
                "option",
                "php",
                "type"
            ],
            "support": {
                "issues": "https://github.com/schmittjoh/php-option/issues",
                "source": "https://github.com/schmittjoh/php-option/tree/master"
            },
            "funding": [
                {
                    "url": "https://github.com/GrahamCampbell",
                    "type": "github"
                },
                {
                    "url": "https://tidelift.com/funding/github/packagist/phpoption/phpoption",
                    "type": "tidelift"
                }
            ],
            "time": "2022-10-15T20:52:05+00:00"
        },
        {
            "name": "phug/js-transformer-filter",
            "version": "1.2.0",
            "source": {
                "type": "git",
                "url": "https://github.com/phug-php/js-transformer-filter.git",
                "reference": "dbadf07950ee552471905001266cdae7793868a8"
            },
            "dist": {
                "type": "zip",
                "url": "https://api.github.com/repos/phug-php/js-transformer-filter/zipball/dbadf07950ee552471905001266cdae7793868a8",
                "reference": "dbadf07950ee552471905001266cdae7793868a8",
                "shasum": ""
            },
            "require": {
                "js-transformer/js-transformer": "^1.0",
                "phug/phug": "^0.1.8 || ^0.2.0 || ^0.3.0 || ^1.0"
            },
            "require-dev": {
                "phpunit/phpunit": "^4 || ^5",
                "phug/dev-tool": "^0.1.11"
            },
            "type": "library",
            "extra": {
                "npm-confirm": {
                    "jstransformer": "It allows you to use any jstransformer npm package as filter by adding it in your extra.npm section of composer.json."
                }
            },
            "autoload": {
                "psr-0": {
                    "Phug\\": "./src"
                }
            },
            "notification-url": "https://packagist.org/downloads/",
            "license": [
                "MIT"
            ],
            "description": "Allow to use any js-transformer as filter in Phug",
            "homepage": "https://phug-lang.com",
            "keywords": [
                "js-transformer"
            ],
            "support": {
                "issues": "https://github.com/phug-php/js-transformer-filter/issues",
                "source": "https://github.com/phug-php/js-transformer-filter/tree/master"
            },
            "time": "2019-10-05T16:02:15+00:00"
        },
        {
            "name": "phug/phug",
            "version": "dev-master",
            "source": {
                "type": "git",
                "url": "https://github.com/phug-php/phug.git",
                "reference": "9a03e8e25eeba2be4df81b572e28276b6f425754"
            },
            "dist": {
                "type": "zip",
                "url": "https://api.github.com/repos/phug-php/phug/zipball/9a03e8e25eeba2be4df81b572e28276b6f425754",
                "reference": "9a03e8e25eeba2be4df81b572e28276b6f425754",
                "shasum": ""
            },
            "require": {
                "php": ">=5.5.0",
                "symfony/var-dumper": "^3.4 || ^4.0 || ^5.0 || ^6.0"
            },
            "replace": {
                "phug/ast": "self.version",
                "phug/compiler": "self.version",
                "phug/dependency-injection": "self.version",
                "phug/event": "self.version",
                "phug/facade": "self.version",
                "phug/formatter": "self.version",
                "phug/invoker": "self.version",
                "phug/lexer": "self.version",
                "phug/parser": "self.version",
                "phug/reader": "self.version",
                "phug/renderer": "self.version",
                "phug/util": "self.version"
            },
            "require-dev": {
                "cebe/markdown": "^1.1",
                "js-phpize/js-phpize-phug": "^1.2 || ^2.2.1",
                "kylekatarnls/multi-tester": "^1.4",
                "nodejs-php-fallback/coffeescript": "^1.0.1",
                "nodejs-php-fallback/less": "^1.0.5",
                "nodejs-php-fallback/stylus": "^1.0.4",
                "nodejs-php-fallback/uglify": "^1.0.4",
                "phpunit/php-code-coverage": "^2.2 || ^4.0 || ^5.2 || ^6.0 || ^7.0",
                "phpunit/phpunit": "^4.8.36 || ^5.7.27 || ^6.5.14 || ^7.5.20 || ^8.5.14",
                "pug-php/pug": "^2.7.3 || ^3.4.1",
                "pug-php/pug-filter-coffee-script": "^1.3.1",
                "squizlabs/php_codesniffer": "~3.4.2"
            },
            "default-branch": true,
            "bin": [
                "phug"
            ],
            "type": "library",
            "extra": {
                "branch-alias": {
                    "dev-master": "1.x-dev",
                    "dev-facade": "0.4.x-dev"
                }
            },
            "autoload": {
                "psr-0": {
                    "": "./src/Phug/Phug/"
                },
                "psr-4": {
                    "Phug\\": [
                        "./src/Phug/Ast/",
                        "./src/Phug/Compiler/",
                        "./src/Phug/DependencyInjection/",
                        "./src/Phug/Event/",
                        "./src/Phug/Formatter/",
                        "./src/Phug/Invoker/",
                        "./src/Phug/Lexer/",
                        "./src/Phug/Parser/",
                        "./src/Phug/Reader/",
                        "./src/Phug/Renderer/"
                    ],
                    "Phug\\Util\\": "./src/Phug/Util/Util/"
                }
            },
            "notification-url": "https://packagist.org/downloads/",
            "license": [
                "MIT"
            ],
            "authors": [
                {
                    "name": "kylekatarnls",
                    "homepage": "http://github.com/kylekatarnls"
                },
                {
                    "name": "Torben Koehn",
                    "email": "torben@talesoft.codes"
                }
            ],
            "description": "Pug (ex-Jade) facade engine for PHP, HTML template engine structured by indentation",
            "homepage": "http://phug-lang.com",
            "keywords": [
                "compiler",
                "dialect",
                "html",
                "jade",
                "php",
                "phtml",
                "phug",
                "presentation",
                "pug",
                "render",
                "template",
                "views"
            ],
            "support": {
                "docs": "http://phug-lang.com/docs",
                "email": "support@phug-lang.com",
                "issues": "https://github.com/phug-php/phug/issues",
                "source": "https://github.com/phug-php/phug"
            },
            "funding": [
                {
                    "url": "https://github.com/kylekatarnls",
                    "type": "github"
                },
                {
                    "url": "https://opencollective.com/pug-php",
                    "type": "open_collective"
                },
                {
                    "url": "https://tidelift.com/funding/github/packagist/pug-php/pug",
                    "type": "tidelift"
                }
            ],
            "time": "2022-10-08T21:04:00+00:00"
        },
        {
            "name": "pug-php/pug",
            "version": "dev-master",
            "source": {
                "type": "git",
                "url": "https://github.com/pug-php/pug.git",
                "reference": "451dcc07afaf96d43dca933cb5f7e968394b7a86"
            },
            "dist": {
                "type": "zip",
                "url": "https://api.github.com/repos/pug-php/pug/zipball/451dcc07afaf96d43dca933cb5f7e968394b7a86",
                "reference": "451dcc07afaf96d43dca933cb5f7e968394b7a86",
                "shasum": ""
            },
            "require": {
                "js-phpize/js-phpize-phug": "^1.1 || ^2.0",
                "nodejs-php-fallback/nodejs-php-fallback": "^1.3.1",
                "php": ">=5.5.0",
                "phug/js-transformer-filter": "^1.0",
                "phug/phug": "^1.6"
            },
            "replace": {
                "kylekatarnls/jade-php": "self.version"
            },
            "require-dev": {
                "phpunit/phpunit": ">=4.8.35 <9.0"
            },
            "default-branch": true,
            "bin": [
                "pug"
            ],
            "type": "library",
            "extra": {
                "npm": {
                    "pug-cli": "^1.0.0-alpha6"
                },
                "npm-confirm": {
                    "pug-cli": "It allows you to use the native JS pug engine instead of the default PHP one with the `pugjs` option set to `true`"
                }
            },
            "autoload": {
                "psr-0": {
                    "Pug\\": "src/",
                    "Jade\\": "src/"
                },
                "psr-4": {
                    "": "./src"
                }
            },
            "notification-url": "https://packagist.org/downloads/",
            "license": [
                "MIT"
            ],
            "authors": [
                {
                    "name": "kylekatarnls",
                    "homepage": "http://github.com/kylekatarnls",
                    "role": "Developer"
                },
                {
                    "name": "pug-php/pug contributors",
                    "homepage": "https://github.com/pug-php/pug/graphs/contributors",
                    "role": "Contributor"
                },
                {
                    "name": "phug-php/phug renderer contributors",
                    "homepage": "https://github.com/phug-php/renderer/graphs/contributors",
                    "role": "Contributor"
                },
                {
                    "name": "phug-php/phug compiler contributors",
                    "homepage": "https://github.com/phug-php/compiler/graphs/contributors",
                    "role": "Contributor"
                },
                {
                    "name": "pug-php/js-phpize contributors",
                    "homepage": "https://github.com/pug-php/js-phpize/graphs/contributors",
                    "role": "Contributor"
                }
            ],
            "description": "HAML-like template engine for PHP",
            "homepage": "https://github.com/pug-php/pug",
            "keywords": [
                "jade",
                "minification",
                "pug",
                "template"
            ],
            "support": {
                "issues": "https://github.com/pug-php/pug/issues",
                "source": "https://github.com/pug-php/pug/tree/master"
            },
            "funding": [
                {
                    "url": "https://github.com/kylekatarnls",
                    "type": "github"
                },
                {
                    "url": "https://opencollective.com/pug-php",
                    "type": "open_collective"
                },
                {
                    "url": "https://tidelift.com/funding/github/packagist/pug-php/pug",
                    "type": "tidelift"
                }
            ],
            "time": "2022-05-17T22:41:10+00:00"
        },
        {
            "name": "stripe/stripe-php",
            "version": "v10.6.0-beta.1",
            "source": {
                "type": "git",
                "url": "https://github.com/stripe/stripe-php.git",
                "reference": "40505396844a9c3b7c16c1c3f3b9c1ee84af3fa6"
            },
            "dist": {
                "type": "zip",
                "url": "https://api.github.com/repos/stripe/stripe-php/zipball/40505396844a9c3b7c16c1c3f3b9c1ee84af3fa6",
                "reference": "40505396844a9c3b7c16c1c3f3b9c1ee84af3fa6",
                "shasum": ""
            },
            "require": {
                "ext-curl": "*",
                "ext-json": "*",
                "ext-mbstring": "*",
                "php": ">=5.6.0"
            },
            "require-dev": {
                "friendsofphp/php-cs-fixer": "3.5.0",
                "php-coveralls/php-coveralls": "^2.5",
                "phpstan/phpstan": "^1.2",
                "phpunit/phpunit": "^5.7 || ^9.0",
                "squizlabs/php_codesniffer": "^3.3"
            },
            "type": "library",
            "extra": {
                "branch-alias": {
                    "dev-master": "2.0-dev"
                }
            },
            "autoload": {
                "psr-4": {
                    "Stripe\\": "lib/"
                }
            },
            "notification-url": "https://packagist.org/downloads/",
            "license": [
                "MIT"
            ],
            "authors": [
                {
                    "name": "Stripe and contributors",
                    "homepage": "https://github.com/stripe/stripe-php/contributors"
                }
            ],
            "description": "Stripe PHP Library",
            "homepage": "https://stripe.com/",
            "keywords": [
                "api",
                "payment processing",
                "stripe"
            ],
            "support": {
                "issues": "https://github.com/stripe/stripe-php/issues",
                "source": "https://github.com/stripe/stripe-php/tree/v10.6.0-beta.1"
            },
            "time": "2023-02-02T23:53:13+00:00"
        },
        {
            "name": "symfony/polyfill-ctype",
            "version": "dev-main",
            "source": {
                "type": "git",
                "url": "https://github.com/symfony/polyfill-ctype.git",
                "reference": "ea208ce43cbb04af6867b4fdddb1bdbf84cc28cb"
            },
            "dist": {
                "type": "zip",
                "url": "https://api.github.com/repos/symfony/polyfill-ctype/zipball/ea208ce43cbb04af6867b4fdddb1bdbf84cc28cb",
                "reference": "ea208ce43cbb04af6867b4fdddb1bdbf84cc28cb",
                "shasum": ""
            },
            "require": {
                "php": ">=7.1"
            },
            "provide": {
                "ext-ctype": "*"
            },
            "suggest": {
                "ext-ctype": "For best performance"
            },
            "default-branch": true,
            "type": "library",
            "extra": {
                "branch-alias": {
                    "dev-main": "1.28-dev"
                },
                "thanks": {
                    "name": "symfony/polyfill",
                    "url": "https://github.com/symfony/polyfill"
                }
            },
            "autoload": {
                "files": [
                    "bootstrap.php"
                ],
                "psr-4": {
                    "Symfony\\Polyfill\\Ctype\\": ""
                }
            },
            "notification-url": "https://packagist.org/downloads/",
            "license": [
                "MIT"
            ],
            "authors": [
                {
                    "name": "Gert de Pagter",
                    "email": "BackEndTea@gmail.com"
                },
                {
                    "name": "Symfony Community",
                    "homepage": "https://symfony.com/contributors"
                }
            ],
            "description": "Symfony polyfill for ctype functions",
            "homepage": "https://symfony.com",
            "keywords": [
                "compatibility",
                "ctype",
                "polyfill",
                "portable"
            ],
            "support": {
                "source": "https://github.com/symfony/polyfill-ctype/tree/main"
            },
            "funding": [
                {
                    "url": "https://symfony.com/sponsor",
                    "type": "custom"
                },
                {
                    "url": "https://github.com/fabpot",
                    "type": "github"
                },
                {
                    "url": "https://tidelift.com/funding/github/packagist/symfony/symfony",
                    "type": "tidelift"
                }
            ],
            "time": "2023-01-26T09:26:14+00:00"
        },
        {
            "name": "symfony/polyfill-mbstring",
            "version": "dev-main",
            "source": {
                "type": "git",
                "url": "https://github.com/symfony/polyfill-mbstring.git",
                "reference": "f9c7affe77a00ae32ca127ca6833d034e6d33f25"
            },
            "dist": {
                "type": "zip",
                "url": "https://api.github.com/repos/symfony/polyfill-mbstring/zipball/f9c7affe77a00ae32ca127ca6833d034e6d33f25",
                "reference": "f9c7affe77a00ae32ca127ca6833d034e6d33f25",
                "shasum": ""
            },
            "require": {
                "php": ">=7.1"
            },
            "provide": {
                "ext-mbstring": "*"
            },
            "suggest": {
                "ext-mbstring": "For best performance"
            },
            "default-branch": true,
            "type": "library",
            "extra": {
                "branch-alias": {
                    "dev-main": "1.28-dev"
                },
                "thanks": {
                    "name": "symfony/polyfill",
                    "url": "https://github.com/symfony/polyfill"
                }
            },
            "autoload": {
                "files": [
                    "bootstrap.php"
                ],
                "psr-4": {
                    "Symfony\\Polyfill\\Mbstring\\": ""
                }
            },
            "notification-url": "https://packagist.org/downloads/",
            "license": [
                "MIT"
            ],
            "authors": [
                {
                    "name": "Nicolas Grekas",
                    "email": "p@tchwork.com"
                },
                {
                    "name": "Symfony Community",
                    "homepage": "https://symfony.com/contributors"
                }
            ],
            "description": "Symfony polyfill for the Mbstring extension",
            "homepage": "https://symfony.com",
            "keywords": [
                "compatibility",
                "mbstring",
                "polyfill",
                "portable",
                "shim"
            ],
            "support": {
                "source": "https://github.com/symfony/polyfill-mbstring/tree/main"
            },
            "funding": [
                {
                    "url": "https://symfony.com/sponsor",
                    "type": "custom"
                },
                {
                    "url": "https://github.com/fabpot",
                    "type": "github"
                },
                {
                    "url": "https://tidelift.com/funding/github/packagist/symfony/symfony",
                    "type": "tidelift"
                }
            ],
            "time": "2023-01-30T17:25:47+00:00"
        },
        {
            "name": "symfony/var-dumper",
            "version": "6.0.x-dev",
            "source": {
                "type": "git",
                "url": "https://github.com/symfony/var-dumper.git",
                "reference": "eb980457fa6899840fe1687e8627a03a7d8a3d52"
            },
            "dist": {
                "type": "zip",
                "url": "https://api.github.com/repos/symfony/var-dumper/zipball/eb980457fa6899840fe1687e8627a03a7d8a3d52",
                "reference": "eb980457fa6899840fe1687e8627a03a7d8a3d52",
                "shasum": ""
            },
            "require": {
                "php": ">=8.0.2",
                "symfony/polyfill-mbstring": "~1.0"
            },
            "conflict": {
                "phpunit/phpunit": "<5.4.3",
                "symfony/console": "<5.4"
            },
            "require-dev": {
                "ext-iconv": "*",
                "symfony/console": "^5.4|^6.0",
                "symfony/process": "^5.4|^6.0",
                "symfony/uid": "^5.4|^6.0",
                "twig/twig": "^2.13|^3.0.4"
            },
            "suggest": {
                "ext-iconv": "To convert non-UTF-8 strings to UTF-8 (or symfony/polyfill-iconv in case ext-iconv cannot be used).",
                "ext-intl": "To show region name in time zone dump",
                "symfony/console": "To use the ServerDumpCommand and/or the bin/var-dump-server script"
            },
            "bin": [
                "Resources/bin/var-dump-server"
            ],
            "type": "library",
            "autoload": {
                "files": [
                    "Resources/functions/dump.php"
                ],
                "psr-4": {
                    "Symfony\\Component\\VarDumper\\": ""
                },
                "exclude-from-classmap": [
                    "/Tests/"
                ]
            },
            "notification-url": "https://packagist.org/downloads/",
            "license": [
                "MIT"
            ],
            "authors": [
                {
                    "name": "Nicolas Grekas",
                    "email": "p@tchwork.com"
                },
                {
                    "name": "Symfony Community",
                    "homepage": "https://symfony.com/contributors"
                }
            ],
            "description": "Provides mechanisms for walking through any arbitrary PHP variable",
            "homepage": "https://symfony.com",
            "keywords": [
                "debug",
                "dump"
            ],
            "support": {
                "source": "https://github.com/symfony/var-dumper/tree/6.0"
            },
            "funding": [
                {
                    "url": "https://symfony.com/sponsor",
                    "type": "custom"
                },
                {
                    "url": "https://github.com/fabpot",
                    "type": "github"
                },
                {
                    "url": "https://tidelift.com/funding/github/packagist/symfony/symfony",
                    "type": "tidelift"
                }
            ],
            "time": "2023-01-20T17:44:14+00:00"
        },
        {
            "name": "vlucas/phpdotenv",
            "version": "3.6.x-dev",
            "source": {
                "type": "git",
                "url": "https://github.com/vlucas/phpdotenv.git",
                "reference": "5b547cdb25825f10251370f57ba5d9d924e6f68e"
            },
            "dist": {
                "type": "zip",
                "url": "https://api.github.com/repos/vlucas/phpdotenv/zipball/5b547cdb25825f10251370f57ba5d9d924e6f68e",
                "reference": "5b547cdb25825f10251370f57ba5d9d924e6f68e",
                "shasum": ""
            },
            "require": {
                "php": "^5.4 || ^7.0 || ^8.0",
                "phpoption/phpoption": "^1.5.2",
                "symfony/polyfill-ctype": "^1.17"
            },
            "require-dev": {
                "ext-filter": "*",
                "ext-pcre": "*",
                "phpunit/phpunit": "^4.8.36 || ^5.7.27 || ^6.5.14 || ^7.5.20 || ^8.5.21"
            },
            "suggest": {
                "ext-filter": "Required to use the boolean validator.",
                "ext-pcre": "Required to use most of the library."
            },
            "type": "library",
            "extra": {
                "branch-alias": {
                    "dev-master": "3.6-dev"
                }
            },
            "autoload": {
                "psr-4": {
                    "Dotenv\\": "src/"
                }
            },
            "notification-url": "https://packagist.org/downloads/",
            "license": [
                "BSD-3-Clause"
            ],
            "authors": [
                {
                    "name": "Graham Campbell",
                    "email": "hello@gjcampbell.co.uk",
                    "homepage": "https://github.com/GrahamCampbell"
                },
                {
                    "name": "Vance Lucas",
                    "email": "vance@vancelucas.com",
                    "homepage": "https://github.com/vlucas"
                }
            ],
            "description": "Loads environment variables from `.env` to `getenv()`, `$_ENV` and `$_SERVER` automagically.",
            "keywords": [
                "dotenv",
                "env",
                "environment"
            ],
            "support": {
                "issues": "https://github.com/vlucas/phpdotenv/issues",
                "source": "https://github.com/vlucas/phpdotenv/tree/3.6"
            },
            "funding": [
                {
                    "url": "https://github.com/GrahamCampbell",
                    "type": "github"
                },
                {
                    "url": "https://tidelift.com/funding/github/packagist/vlucas/phpdotenv",
                    "type": "tidelift"
                }
            ],
            "time": "2021-12-12T23:02:06+00:00"
        },
        {
            "name": "wixel/gump",
            "version": "dev-master",
            "source": {
                "type": "git",
                "url": "https://github.com/Wixel/GUMP.git",
                "reference": "478069c936ba091e375e04ccc05af143f03807c4"
            },
            "dist": {
                "type": "zip",
                "url": "https://api.github.com/repos/Wixel/GUMP/zipball/478069c936ba091e375e04ccc05af143f03807c4",
                "reference": "478069c936ba091e375e04ccc05af143f03807c4",
                "shasum": ""
            },
            "require": {
                "ext-bcmath": "*",
                "ext-iconv": "*",
                "ext-intl": "*",
                "ext-json": "*",
                "ext-mbstring": "*",
                "php": ">=7.1"
            },
            "require-dev": {
                "kamermans/docblock-reflection": "^1.0",
                "maddhatter/markdown-table": "^1.0",
                "mockery/mockery": "^1.3",
                "php-coveralls/php-coveralls": "^2.5",
                "phpunit/phpunit": "^6|^9"
            },
            "default-branch": true,
            "type": "library",
            "autoload": {
                "files": [
                    "gump.class.php"
                ],
                "psr-4": {
                    "GUMP\\": "src/"
                }
            },
            "notification-url": "https://packagist.org/downloads/",
            "license": [
                "MIT"
            ],
            "authors": [
                {
                    "name": "Sean Nieuwoudt",
                    "homepage": "https://wixelhq.com"
                },
                {
                    "name": "Filis Futsarov",
                    "homepage": "https://filis.me"
                }
            ],
            "description": "A fast, extensible & stand-alone PHP input validation class that allows you to validate any data.",
            "homepage": "https://wixelhq.com/",
            "keywords": [
                "validate",
                "validation",
                "validator"
            ],
            "support": {
                "issues": "https://github.com/Wixel/GUMP/issues",
                "source": "https://github.com/Wixel/GUMP/tree/master"
            },
            "time": "2022-07-17T12:34:25+00:00"
        }
    ],
    "packages-dev": [],
    "aliases": [],
    "minimum-stability": "dev",
    "stability-flags": {
        "pug-php/pug": 20,
        "wixel/gump": 20,
        "claviska/simpleimage": 20,
        "phug/phug": 20
    },
    "prefer-stable": false,
    "prefer-lowest": false,
    "platform": {
        "php": ">=7.2"
    },
    "platform-dev": [],
    "plugin-api-version": "2.3.0"
}
